// !$*UTF8*$!
{
	archiveVersion = 1;
	classes = {
	};
	objectVersion = 46;
	objects = {

/* Begin PBXBuildFile section */
		F5329B771F0B8D570018B8CA /* main.m in Sources */ = {isa = PBXBuildFile; fileRef = F5329B761F0B8D570018B8CA /* main.m */; };
		F5329B7A1F0B8D570018B8CA /* AppDelegate.m in Sources */ = {isa = PBXBuildFile; fileRef = F5329B791F0B8D570018B8CA /* AppDelegate.m */; };
		F5329B801F0B8D570018B8CA /* Main.storyboard in Resources */ = {isa = PBXBuildFile; fileRef = F5329B7E1F0B8D570018B8CA /* Main.storyboard */; };
		F5329B821F0B8D570018B8CA /* Assets.xcassets in Resources */ = {isa = PBXBuildFile; fileRef = F5329B811F0B8D570018B8CA /* Assets.xcassets */; };
		F5329B851F0B8D570018B8CA /* LaunchScreen.storyboard in Resources */ = {isa = PBXBuildFile; fileRef = F5329B831F0B8D570018B8CA /* LaunchScreen.storyboard */; };
		F5329B901F0B8D570018B8CA /* tableviewTests.m in Sources */ = {isa = PBXBuildFile; fileRef = F5329B8F1F0B8D570018B8CA /* tableviewTests.m */; };
		F5329B9B1F0B8D570018B8CA /* tableviewUITests.m in Sources */ = {isa = PBXBuildFile; fileRef = F5329B9A1F0B8D570018B8CA /* tableviewUITests.m */; };
		F5329BAA1F0B8DF40018B8CA /* tbview.m in Sources */ = {isa = PBXBuildFile; fileRef = F5329BA91F0B8DF40018B8CA /* tbview.m */; };
		F5329BAD1F0B8E190018B8CA /* tbviewCell.m in Sources */ = {isa = PBXBuildFile; fileRef = F5329BAC1F0B8E190018B8CA /* tbviewCell.m */; };
		F5329BB01F0B92250018B8CA /* RootViewController.m in Sources */ = {isa = PBXBuildFile; fileRef = F5329BAF1F0B92250018B8CA /* RootViewController.m */; };
		F5C914F31F0D2F5C009740A0 /* TableViewCell2.m in Sources */ = {isa = PBXBuildFile; fileRef = F5C914F21F0D2F5C009740A0 /* TableViewCell2.m */; };
/* End PBXBuildFile section */

/* Begin PBXContainerItemProxy section */
		F5329B8C1F0B8D570018B8CA /* PBXContainerItemProxy */ = {
			isa = PBXContainerItemProxy;
			containerPortal = F5329B6A1F0B8D570018B8CA /* Project object */;
			proxyType = 1;
			remoteGlobalIDString = F5329B711F0B8D570018B8CA;
			remoteInfo = tableview;
		};
		F5329B971F0B8D570018B8CA /* PBXContainerItemProxy */ = {
			isa = PBXContainerItemProxy;
			containerPortal = F5329B6A1F0B8D570018B8CA /* Project object */;
			proxyType = 1;
			remoteGlobalIDString = F5329B711F0B8D570018B8CA;
			remoteInfo = tableview;
		};
/* End PBXContainerItemProxy section */

/* Begin PBXFileReference section */
		F5329B721F0B8D570018B8CA /* tableview.app */ = {isa = PBXFileReference; explicitFileType = wrapper.application; includeInIndex = 0; path = tableview.app; sourceTree = BUILT_PRODUCTS_DIR; };
		F5329B761F0B8D570018B8CA /* main.m */ = {isa = PBXFileReference; lastKnownFileType = sourcecode.c.objc; path = main.m; sourceTree = "<group>"; };
		F5329B781F0B8D570018B8CA /* AppDelegate.h */ = {isa = PBXFileReference; lastKnownFileType = sourcecode.c.h; path = AppDelegate.h; sourceTree = "<group>"; };
		F5329B791F0B8D570018B8CA /* AppDelegate.m */ = {isa = PBXFileReference; lastKnownFileType = sourcecode.c.objc; path = AppDelegate.m; sourceTree = "<group>"; };
		F5329B7F1F0B8D570018B8CA /* Base */ = {isa = PBXFileReference; lastKnownFileType = file.storyboard; name = Base; path = Base.lproj/Main.storyboard; sourceTree = "<group>"; };
		F5329B811F0B8D570018B8CA /* Assets.xcassets */ = {isa = PBXFileReference; lastKnownFileType = folder.assetcatalog; path = Assets.xcassets; sourceTree = "<group>"; };
		F5329B841F0B8D570018B8CA /* Base */ = {isa = PBXFileReference; lastKnownFileType = file.storyboard; name = Base; path = Base.lproj/LaunchScreen.storyboard; sourceTree = "<group>"; };
		F5329B861F0B8D570018B8CA /* Info.plist */ = {isa = PBXFileReference; lastKnownFileType = text.plist.xml; path = Info.plist; sourceTree = "<group>"; };
		F5329B8B1F0B8D570018B8CA /* tableviewTests.xctest */ = {isa = PBXFileReference; explicitFileType = wrapper.cfbundle; includeInIndex = 0; path = tableviewTests.xctest; sourceTree = BUILT_PRODUCTS_DIR; };
		F5329B8F1F0B8D570018B8CA /* tableviewTests.m */ = {isa = PBXFileReference; lastKnownFileType = sourcecode.c.objc; path = tableviewTests.m; sourceTree = "<group>"; };
		F5329B911F0B8D570018B8CA /* Info.plist */ = {isa = PBXFileReference; lastKnownFileType = text.plist.xml; path = Info.plist; sourceTree = "<group>"; };
		F5329B961F0B8D570018B8CA /* tableviewUITests.xctest */ = {isa = PBXFileReference; explicitFileType = wrapper.cfbundle; includeInIndex = 0; path = tableviewUITests.xctest; sourceTree = BUILT_PRODUCTS_DIR; };
		F5329B9A1F0B8D570018B8CA /* tableviewUITests.m */ = {isa = PBXFileReference; lastKnownFileType = sourcecode.c.objc; path = tableviewUITests.m; sourceTree = "<group>"; };
		F5329B9C1F0B8D570018B8CA /* Info.plist */ = {isa = PBXFileReference; lastKnownFileType = text.plist.xml; path = Info.plist; sourceTree = "<group>"; };
		F5329BA81F0B8DF40018B8CA /* tbview.h */ = {isa = PBXFileReference; fileEncoding = 4; lastKnownFileType = sourcecode.c.h; path = tbview.h; sourceTree = "<group>"; };
		F5329BA91F0B8DF40018B8CA /* tbview.m */ = {isa = PBXFileReference; fileEncoding = 4; lastKnownFileType = sourcecode.c.objc; path = tbview.m; sourceTree = "<group>"; };
		F5329BAB1F0B8E190018B8CA /* tbviewCell.h */ = {isa = PBXFileReference; fileEncoding = 4; lastKnownFileType = sourcecode.c.h; path = tbviewCell.h; sourceTree = "<group>"; };
		F5329BAC1F0B8E190018B8CA /* tbviewCell.m */ = {isa = PBXFileReference; fileEncoding = 4; lastKnownFileType = sourcecode.c.objc; path = tbviewCell.m; sourceTree = "<group>"; };
		F5329BAE1F0B92250018B8CA /* RootViewController.h */ = {isa = PBXFileReference; fileEncoding = 4; lastKnownFileType = sourcecode.c.h; path = RootViewController.h; sourceTree = "<group>"; };
		F5329BAF1F0B92250018B8CA /* RootViewController.m */ = {isa = PBXFileReference; fileEncoding = 4; lastKnownFileType = sourcecode.c.objc; path = RootViewController.m; sourceTree = "<group>"; };
		F5C914F11F0D2F5C009740A0 /* TableViewCell2.h */ = {isa = PBXFileReference; fileEncoding = 4; lastKnownFileType = sourcecode.c.h; path = TableViewCell2.h; sourceTree = "<group>"; };
		F5C914F21F0D2F5C009740A0 /* TableViewCell2.m */ = {isa = PBXFileReference; fileEncoding = 4; lastKnownFileType = sourcecode.c.objc; path = TableViewCell2.m; sourceTree = "<group>"; };
/* End PBXFileReference section */

/* Begin PBXFrameworksBuildPhase section */
		F5329B6F1F0B8D570018B8CA /* Frameworks */ = {
			isa = PBXFrameworksBuildPhase;
			buildActionMask = 2147483647;
			files = (
			);
			runOnlyForDeploymentPostprocessing = 0;
		};
		F5329B881F0B8D570018B8CA /* Frameworks */ = {
			isa = PBXFrameworksBuildPhase;
			buildActionMask = 2147483647;
			files = (
			);
			runOnlyForDeploymentPostprocessing = 0;
		};
		F5329B931F0B8D570018B8CA /* Frameworks */ = {
			isa = PBXFrameworksBuildPhase;
			buildActionMask = 2147483647;
			files = (
			);
			runOnlyForDeploymentPostprocessing = 0;
		};
/* End PBXFrameworksBuildPhase section */

/* Begin PBXGroup section */
		F5329B691F0B8D570018B8CA = {
			isa = PBXGroup;
			children = (
				F5329B741F0B8D570018B8CA /* tableview */,
				F5329B8E1F0B8D570018B8CA /* tableviewTests */,
				F5329B991F0B8D570018B8CA /* tableviewUITests */,
				F5329B731F0B8D570018B8CA /* Products */,
			);
			sourceTree = "<group>";
		};
		F5329B731F0B8D570018B8CA /* Products */ = {
			isa = PBXGroup;
			children = (
				F5329B721F0B8D570018B8CA /* tableview.app */,
				F5329B8B1F0B8D570018B8CA /* tableviewTests.xctest */,
				F5329B961F0B8D570018B8CA /* tableviewUITests.xctest */,
			);
			name = Products;
			sourceTree = "<group>";
		};
		F5329B741F0B8D570018B8CA /* tableview */ = {
			isa = PBXGroup;
			children = (
				F5329B781F0B8D570018B8CA /* AppDelegate.h */,
				F5329B791F0B8D570018B8CA /* AppDelegate.m */,
				F5329BAE1F0B92250018B8CA /* RootViewController.h */,
				F5329BAF1F0B92250018B8CA /* RootViewController.m */,
				F5329BA81F0B8DF40018B8CA /* tbview.h */,
				F5329BA91F0B8DF40018B8CA /* tbview.m */,
				F5329BAB1F0B8E190018B8CA /* tbviewCell.h */,
				F5329BAC1F0B8E190018B8CA /* tbviewCell.m */,
				F5C914F11F0D2F5C009740A0 /* TableViewCell2.h */,
				F5C914F21F0D2F5C009740A0 /* TableViewCell2.m */,
				F5329B7E1F0B8D570018B8CA /* Main.storyboard */,
				F5329B811F0B8D570018B8CA /* Assets.xcassets */,
				F5329B831F0B8D570018B8CA /* LaunchScreen.storyboard */,
				F5329B861F0B8D570018B8CA /* Info.plist */,
				F5329B751F0B8D570018B8CA /* Supporting Files */,
			);
			path = tableview;
			sourceTree = "<group>";
		};
		F5329B751F0B8D570018B8CA /* Supporting Files */ = {
			isa = PBXGroup;
			children = (
				F5329B761F0B8D570018B8CA /* main.m */,
			);
			name = "Supporting Files";
			sourceTree = "<group>";
		};
		F5329B8E1F0B8D570018B8CA /* tableviewTests */ = {
			isa = PBXGroup;
			children = (
				F5329B8F1F0B8D570018B8CA /* tableviewTests.m */,
				F5329B911F0B8D570018B8CA /* Info.plist */,
			);
			path = tableviewTests;
			sourceTree = "<group>";
		};
		F5329B991F0B8D570018B8CA /* tableviewUITests */ = {
			isa = PBXGroup;
			children = (
				F5329B9A1F0B8D570018B8CA /* tableviewUITests.m */,
				F5329B9C1F0B8D570018B8CA /* Info.plist */,
			);
			path = tableviewUITests;
			sourceTree = "<group>";
		};
/* End PBXGroup section */

/* Begin PBXNativeTarget section */
		F5329B711F0B8D570018B8CA /* tableview */ = {
			isa = PBXNativeTarget;
			buildConfigurationList = F5329B9F1F0B8D570018B8CA /* Build configuration list for PBXNativeTarget "tableview" */;
			buildPhases = (
				F5329B6E1F0B8D570018B8CA /* Sources */,
				F5329B6F1F0B8D570018B8CA /* Frameworks */,
				F5329B701F0B8D570018B8CA /* Resources */,
			);
			buildRules = (
			);
			dependencies = (
			);
			name = tableview;
			productName = tableview;
			productReference = F5329B721F0B8D570018B8CA /* tableview.app */;
			productType = "com.apple.product-type.application";
		};
		F5329B8A1F0B8D570018B8CA /* tableviewTests */ = {
			isa = PBXNativeTarget;
			buildConfigurationList = F5329BA21F0B8D570018B8CA /* Build configuration list for PBXNativeTarget "tableviewTests" */;
			buildPhases = (
				F5329B871F0B8D570018B8CA /* Sources */,
				F5329B881F0B8D570018B8CA /* Frameworks */,
				F5329B891F0B8D570018B8CA /* Resources */,
			);
			buildRules = (
			);
			dependencies = (
				F5329B8D1F0B8D570018B8CA /* PBXTargetDependency */,
			);
			name = tableviewTests;
			productName = tableviewTests;
			productReference = F5329B8B1F0B8D570018B8CA /* tableviewTests.xctest */;
			productType = "com.apple.product-type.bundle.unit-test";
		};
		F5329B951F0B8D570018B8CA /* tableviewUITests */ = {
			isa = PBXNativeTarget;
			buildConfigurationList = F5329BA51F0B8D570018B8CA /* Build configuration list for PBXNativeTarget "tableviewUITests" */;
			buildPhases = (
				F5329B921F0B8D570018B8CA /* Sources */,
				F5329B931F0B8D570018B8CA /* Frameworks */,
				F5329B941F0B8D570018B8CA /* Resources */,
			);
			buildRules = (
			);
			dependencies = (
				F5329B981F0B8D570018B8CA /* PBXTargetDependency */,
			);
			name = tableviewUITests;
			productName = tableviewUITests;
			productReference = F5329B961F0B8D570018B8CA /* tableviewUITests.xctest */;
			productType = "com.apple.product-type.bundle.ui-testing";
		};
/* End PBXNativeTarget section */

/* Begin PBXProject section */
		F5329B6A1F0B8D570018B8CA /* Project object */ = {
			isa = PBXProject;
			attributes = {
				LastUpgradeCheck = 0820;
				ORGANIZATIONNAME = Maple;
				TargetAttributes = {
					F5329B711F0B8D570018B8CA = {
						CreatedOnToolsVersion = 8.2.1;
						DevelopmentTeam = UHWC95Y6DE;
						ProvisioningStyle = Automatic;
					};
					F5329B8A1F0B8D570018B8CA = {
						CreatedOnToolsVersion = 8.2.1;
						DevelopmentTeam = UHWC95Y6DE;
						ProvisioningStyle = Automatic;
						TestTargetID = F5329B711F0B8D570018B8CA;
					};
					F5329B951F0B8D570018B8CA = {
						CreatedOnToolsVersion = 8.2.1;
						DevelopmentTeam = UHWC95Y6DE;
						ProvisioningStyle = Automatic;
						TestTargetID = F5329B711F0B8D570018B8CA;
					};
				};
			};
			buildConfigurationList = F5329B6D1F0B8D570018B8CA /* Build configuration list for PBXProject "tableview" */;
			compatibilityVersion = "Xcode 3.2";
			developmentRegion = English;
			hasScannedForEncodings = 0;
			knownRegions = (
				en,
				Base,
			);
			mainGroup = F5329B691F0B8D570018B8CA;
			productRefGroup = F5329B731F0B8D570018B8CA /* Products */;
			projectDirPath = "";
			projectRoot = "";
			targets = (
				F5329B711F0B8D570018B8CA /* tableview */,
				F5329B8A1F0B8D570018B8CA /* tableviewTests */,
				F5329B951F0B8D570018B8CA /* tableviewUITests */,
			);
		};
/* End PBXProject section */

/* Begin PBXResourcesBuildPhase section */
		F5329B701F0B8D570018B8CA /* Resources */ = {
			isa = PBXResourcesBuildPhase;
			buildActionMask = 2147483647;
			files = (
				F5329B851F0B8D570018B8CA /* LaunchScreen.storyboard in Resources */,
				F5329B821F0B8D570018B8CA /* Assets.xcassets in Resources */,
				F5329B801F0B8D570018B8CA /* Main.storyboard in Resources */,
			);
			runOnlyForDeploymentPostprocessing = 0;
		};
		F5329B891F0B8D570018B8CA /* Resources */ = {
			isa = PBXResourcesBuildPhase;
			buildActionMask = 2147483647;
			files = (
			);
			runOnlyForDeploymentPostprocessing = 0;
		};
		F5329B941F0B8D570018B8CA /* Resources */ = {
			isa = PBXResourcesBuildPhase;
			buildActionMask = 2147483647;
			files = (
			);
			runOnlyForDeploymentPostprocessing = 0;
		};
/* End PBXResourcesBuildPhase section */

/* Begin PBXSourcesBuildPhase section */
		F5329B6E1F0B8D570018B8CA /* Sources */ = {
			isa = PBXSourcesBuildPhase;
			buildActionMask = 2147483647;
			files = (
				F5329BAA1F0B8DF40018B8CA /* tbview.m in Sources */,
				F5329B7A1F0B8D570018B8CA /* AppDelegate.m in Sources */,
				F5C914F31F0D2F5C009740A0 /* TableViewCell2.m in Sources */,
				F5329BAD1F0B8E190018B8CA /* tbviewCell.m in Sources */,
				F5329B771F0B8D570018B8CA /* main.m in Sources */,
				F5329BB01F0B92250018B8CA /* RootViewController.m in Sources */,
			);
			runOnlyForDeploymentPostprocessing = 0;
		};
		F5329B871F0B8D570018B8CA /* Sources */ = {
			isa = PBXSourcesBuildPhase;
			buildActionMask = 2147483647;
			files = (
				F5329B901F0B8D570018B8CA /* tableviewTests.m in Sources */,
			);
			runOnlyForDeploymentPostprocessing = 0;
		};
		F5329B921F0B8D570018B8CA /* Sources */ = {
			isa = PBXSourcesBuildPhase;
			buildActionMask = 2147483647;
			files = (
				F5329B9B1F0B8D570018B8CA /* tableviewUITests.m in Sources */,
			);
			runOnlyForDeploymentPostprocessing = 0;
		};
/* End PBXSourcesBuildPhase section */

/* Begin PBXTargetDependency section */
		F5329B8D1F0B8D570018B8CA /* PBXTargetDependency */ = {
			isa = PBXTargetDependency;
			target = F5329B711F0B8D570018B8CA /* tableview */;
			targetProxy = F5329B8C1F0B8D570018B8CA /* PBXContainerItemProxy */;
		};
		F5329B981F0B8D570018B8CA /* PBXTargetDependency */ = {
			isa = PBXTargetDependency;
			target = F5329B711F0B8D570018B8CA /* tableview */;
			targetProxy = F5329B971F0B8D570018B8CA /* PBXContainerItemProxy */;
		};
/* End PBXTargetDependency section */

/* Begin PBXVariantGroup section */
		F5329B7E1F0B8D570018B8CA /* Main.storyboard */ = {
			isa = PBXVariantGroup;
			children = (
				F5329B7F1F0B8D570018B8CA /* Base */,
			);
			name = Main.storyboard;
			sourceTree = "<group>";
		};
		F5329B831F0B8D570018B8CA /* LaunchScreen.storyboard */ = {
			isa = PBXVariantGroup;
			children = (
				F5329B841F0B8D570018B8CA /* Base */,
			);
			name = LaunchScreen.storyboard;
			sourceTree = "<group>";
		};
/* End PBXVariantGroup section */

/* Begin XCBuildConfiguration section */
		F5329B9D1F0B8D570018B8CA /* Debug */ = {
			isa = XCBuildConfiguration;
			buildSettings = {
				ALWAYS_SEARCH_USER_PATHS = NO;
				CLANG_ANALYZER_NONNULL = YES;
				CLANG_CXX_LANGUAGE_STANDARD = "gnu++0x";
				CLANG_CXX_LIBRARY = "libc++";
				CLANG_ENABLE_MODULES = YES;
				CLANG_ENABLE_OBJC_ARC = YES;
				CLANG_WARN_BOOL_CONVERSION = YES;
				CLANG_WARN_CONSTANT_CONVERSION = YES;
				CLANG_WARN_DIRECT_OBJC_ISA_USAGE = YES_ERROR;
				CLANG_WARN_DOCUMENTATION_COMMENTS = YES;
				CLANG_WARN_EMPTY_BODY = YES;
				CLANG_WARN_ENUM_CONVERSION = YES;
				CLANG_WARN_INFINITE_RECURSION = YES;
				CLANG_WARN_INT_CONVERSION = YES;
				CLANG_WARN_OBJC_ROOT_CLASS = YES_ERROR;
				CLANG_WARN_SUSPICIOUS_MOVE = YES;
				CLANG_WARN_UNREACHABLE_CODE = YES;
				CLANG_WARN__DUPLICATE_METHOD_MATCH = YES;
				"CODE_SIGN_IDENTITY[sdk=iphoneos*]" = "iPhone Developer";
				COPY_PHASE_STRIP = NO;
				DEBUG_INFORMATION_FORMAT = dwarf;
				ENABLE_STRICT_OBJC_MSGSEND = YES;
				ENABLE_TESTABILITY = YES;
				GCC_C_LANGUAGE_STANDARD = gnu99;
				GCC_DYNAMIC_NO_PIC = NO;
				GCC_NO_COMMON_BLOCKS = YES;
				GCC_OPTIMIZATION_LEVEL = 0;
				GCC_PREPROCESSOR_DEFINITIONS = (
					"DEBUG=1",
					"$(inherited)",
				);
				GCC_WARN_64_TO_32_BIT_CONVERSION = YES;
				GCC_WARN_ABOUT_RETURN_TYPE = YES_ERROR;
				GCC_WARN_UNDECLARED_SELECTOR = YES;
				GCC_WARN_UNINITIALIZED_AUTOS = YES_AGGRESSIVE;
				GCC_WARN_UNUSED_FUNCTION = YES;
				GCC_WARN_UNUSED_VARIABLE = YES;
				IPHONEOS_DEPLOYMENT_TARGET = 10.2;
				MTL_ENABLE_DEBUG_INFO = YES;
				ONLY_ACTIVE_ARCH = YES;
				SDKROOT = iphoneos;
				TARGETED_DEVICE_FAMILY = "1,2";
			};
			name = Debug;
		};
		F5329B9E1F0B8D570018B8CA /* Release */ = {
			isa = XCBuildConfiguration;
			buildSettings = {
				ALWAYS_SEARCH_USER_PATHS = NO;
				CLANG_ANALYZER_NONNULL = YES;
				CLANG_CXX_LANGUAGE_STANDARD = "gnu++0x";
				CLANG_CXX_LIBRARY = "libc++";
				CLANG_ENABLE_MODULES = YES;
				CLANG_ENABLE_OBJC_ARC = YES;
				CLANG_WARN_BOOL_CONVERSION = YES;
				CLANG_WARN_CONSTANT_CONVERSION = YES;
				CLANG_WARN_DIRECT_OBJC_ISA_USAGE = YES_ERROR;
				CLANG_WARN_DOCUMENTATION_COMMENTS = YES;
				CLANG_WARN_EMPTY_BODY = YES;
				CLANG_WARN_ENUM_CONVERSION = YES;
				CLANG_WARN_INFINITE_RECURSION = YES;
				CLANG_WARN_INT_CONVERSION = YES;
				CLANG_WARN_OBJC_ROOT_CLASS = YES_ERROR;
				CLANG_WARN_SUSPICIOUS_MOVE = YES;
				CLANG_WARN_UNREACHABLE_CODE = YES;
				CLANG_WARN__DUPLICATE_METHOD_MATCH = YES;
				"CODE_SIGN_IDENTITY[sdk=iphoneos*]" = "iPhone Developer";
				COPY_PHASE_STRIP = NO;
				DEBUG_INFORMATION_FORMAT = "dwarf-with-dsym";
				ENABLE_NS_ASSERTIONS = NO;
				ENABLE_STRICT_OBJC_MSGSEND = YES;
				GCC_C_LANGUAGE_STANDARD = gnu99;
				GCC_NO_COMMON_BLOCKS = YES;
				GCC_WARN_64_TO_32_BIT_CONVERSION = YES;
				GCC_WARN_ABOUT_RETURN_TYPE = YES_ERROR;
				GCC_WARN_UNDECLARED_SELECTOR = YES;
				GCC_WARN_UNINITIALIZED_AUTOS = YES_AGGRESSIVE;
				GCC_WARN_UNUSED_FUNCTION = YES;
				GCC_WARN_UNUSED_VARIABLE = YES;
				IPHONEOS_DEPLOYMENT_TARGET = 10.2;
				MTL_ENABLE_DEBUG_INFO = NO;
				SDKROOT = iphoneos;
				TARGETED_DEVICE_FAMILY = "1,2";
				VALIDATE_PRODUCT = YES;
			};
			name = Release;
		};
		F5329BA01F0B8D570018B8CA /* Debug */ = {
			isa = XCBuildConfiguration;
			buildSettings = {
				ASSETCATALOG_COMPILER_APPICON_NAME = AppIcon;
				DEVELOPMENT_TEAM = UHWC95Y6DE;
				INFOPLIST_FILE = tableview/Info.plist;
				LD_RUNPATH_SEARCH_PATHS = "$(inherited) @executable_path/Frameworks";
				PRODUCT_BUNDLE_IDENTIFIER = maple.tableview;
				PRODUCT_NAME = "$(TARGET_NAME)";
			};
			name = Debug;
		};
		F5329BA11F0B8D570018B8CA /* Release */ = {
			isa = XCBuildConfiguration;
			buildSettings = {
				ASSETCATALOG_COMPILER_APPICON_NAME = AppIcon;
				DEVELOPMENT_TEAM = UHWC95Y6DE;
				INFOPLIST_FILE = tableview/Info.plist;
				LD_RUNPATH_SEARCH_PATHS = "$(inherited) @executable_path/Frameworks";
				PRODUCT_BUNDLE_IDENTIFIER = maple.tableview;
				PRODUCT_NAME = "$(TARGET_NAME)";
			};
			name = Release;
		};
		F5329BA31F0B8D570018B8CA /* Debug */ = {
			isa = XCBuildConfiguration;
			buildSettings = {
				BUNDLE_LOADER = "$(TEST_HOST)";
				DEVELOPMENT_TEAM = UHWC95Y6DE;
				INFOPLIST_FILE = tableviewTests/Info.plist;
				LD_RUNPATH_SEARCH_PATHS = "$(inherited) @executable_path/Frameworks @loader_path/Frameworks";
				PRODUCT_BUNDLE_IDENTIFIER = maple.tableviewTests;
				PRODUCT_NAME = "$(TARGET_NAME)";
				TEST_HOST = "$(BUILT_PRODUCTS_DIR)/tableview.app/tableview";
			};
			name = Debug;
		};
		F5329BA41F0B8D570018B8CA /* Release */ = {
			isa = XCBuildConfiguration;
			buildSettings = {
				BUNDLE_LOADER = "$(TEST_HOST)";
				DEVELOPMENT_TEAM = UHWC95Y6DE;
				INFOPLIST_FILE = tableviewTests/Info.plist;
				LD_RUNPATH_SEARCH_PATHS = "$(inherited) @executable_path/Frameworks @loader_path/Frameworks";
				PRODUCT_BUNDLE_IDENTIFIER = maple.tableviewTests;
				PRODUCT_NAME = "$(TARGET_NAME)";
				TEST_HOST = "$(BUILT_PRODUCTS_DIR)/tableview.app/tableview";
			};
			name = Release;
		};
		F5329BA61F0B8D570018B8CA /* Debug */ = {
			isa = XCBuildConfiguration;
			buildSettings = {
				DEVELOPMENT_TEAM = UHWC95Y6DE;
				INFOPLIST_FILE = tableviewUITests/Info.plist;
				LD_RUNPATH_SEARCH_PATHS = "$(inherited) @executable_path/Frameworks @loader_path/Frameworks";
				PRODUCT_BUNDLE_IDENTIFIER = maple.tableviewUITests;
				PRODUCT_NAME = "$(TARGET_NAME)";
				TEST_TARGET_NAME = tableview;
			};
			name = Debug;
		};
		F5329BA71F0B8D570018B8CA /* Release */ = {
			isa = XCBuildConfiguration;
			buildSettings = {
				DEVELOPMENT_TEAM = UHWC95Y6DE;
				INFOPLIST_FILE = tableviewUITests/Info.plist;
				LD_RUNPATH_SEARCH_PATHS = "$(inherited) @executable_path/Frameworks @loader_path/Frameworks";
				PRODUCT_BUNDLE_IDENTIFIER = maple.tableviewUITests;
				PRODUCT_NAME = "$(TARGET_NAME)";
				TEST_TARGET_NAME = tableview;
			};
			name = Release;
		};
/* End XCBuildConfiguration section */

/* Begin XCConfigurationList section */
		F5329B6D1F0B8D570018B8CA /* Build configuration list for PBXProject "tableview" */ = {
			isa = XCConfigurationList;
			buildConfigurations = (
				F5329B9D1F0B8D570018B8CA /* Debug */,
				F5329B9E1F0B8D570018B8CA /* Release */,
			);
			defaultConfigurationIsVisible = 0;
			defaultConfigurationName = Release;
		};
		F5329B9F1F0B8D570018B8CA /* Build configuration list for PBXNativeTarget "tableview" */ = {
			isa = XCConfigurationList;
			buildConfigurations = (
				F5329BA01F0B8D570018B8CA /* Debug */,
				F5329BA11F0B8D570018B8CA /* Release */,
			);
			defaultConfigurationIsVisible = 0;
			defaultConfigurationName = Release;
		};
		F5329BA21F0B8D570018B8CA /* Build configuration list for PBXNativeTarget "tableviewTests" */ = {
			isa = XCConfigurationList;
			buildConfigurations = (
				F5329BA31F0B8D570018B8CA /* Debug */,
				F5329BA41F0B8D570018B8CA /* Release */,
			);
			defaultConfigurationIsVisible = 0;
			defaultConfigurationName = Release;
		};
		F5329BA51F0B8D570018B8CA /* Build configuration list for PBXNativeTarget "tableviewUITests" */ = {
			isa = XCConfigurationList;
			buildConfigurations = (
				F5329BA61F0B8D570018B8CA /* Debug */,
				F5329BA71F0B8D570018B8CA /* Release */,
			);
			defaultConfigurationIsVisible = 0;
			defaultConfigurationName = Release;
		};
/* End XCConfigurationList section */
	};
	rootObject = F5329B6A1F0B8D570018B8CA /* Project object */;
}
